// !$*UTF8*$!
{
	archiveVersion = 1;
	classes = {
	};
	objectVersion = 50;
	objects = {

/* Begin PBXBuildFile section */
		5912ABA3253CFCD200C8FFF4 /* AppDelegate.swift in Sources */ = {isa = PBXBuildFile; fileRef = 5912ABA2253CFCD200C8FFF4 /* AppDelegate.swift */; };
		5912ABA5253CFCD200C8FFF4 /* SceneDelegate.swift in Sources */ = {isa = PBXBuildFile; fileRef = 5912ABA4253CFCD200C8FFF4 /* SceneDelegate.swift */; };
		5912ABA7253CFCD200C8FFF4 /* ViewController.swift in Sources */ = {isa = PBXBuildFile; fileRef = 5912ABA6253CFCD200C8FFF4 /* ViewController.swift */; };
		5912ABAA253CFCD200C8FFF4 /* Main.storyboard in Resources */ = {isa = PBXBuildFile; fileRef = 5912ABA8253CFCD200C8FFF4 /* Main.storyboard */; };
		5912ABAC253CFCD300C8FFF4 /* Assets.xcassets in Resources */ = {isa = PBXBuildFile; fileRef = 5912ABAB253CFCD300C8FFF4 /* Assets.xcassets */; };
		5912ABAF253CFCD300C8FFF4 /* LaunchScreen.storyboard in Resources */ = {isa = PBXBuildFile; fileRef = 5912ABAD253CFCD300C8FFF4 /* LaunchScreen.storyboard */; };
/* End PBXBuildFile section */

/* Begin PBXFileReference section */
		5912AB9F253CFCD200C8FFF4 /* Pa5i.app */ = {isa = PBXFileReference; explicitFileType = wrapper.application; includeInIndex = 0; path = Pa5i.app; sourceTree = BUILT_PRODUCTS_DIR; };
		5912ABA2253CFCD200C8FFF4 /* AppDelegate.swift */ = {isa = PBXFileReference; lastKnownFileType = sourcecode.swift; path = AppDelegate.swift; sourceTree = "<group>"; };
		5912ABA4253CFCD200C8FFF4 /* SceneDelegate.swift */ = {isa = PBXFileReference; lastKnownFileType = sourcecode.swift; path = SceneDelegate.swift; sourceTree = "<group>"; };
		5912ABA6253CFCD200C8FFF4 /* ViewController.swift */ = {isa = PBXFileReference; lastKnownFileType = sourcecode.swift; path = ViewController.swift; sourceTree = "<group>"; };
		5912ABA9253CFCD200C8FFF4 /* Base */ = {isa = PBXFileReference; lastKnownFileType = file.storyboard; name = Base; path = Base.lproj/Main.storyboard; sourceTree = "<group>"; };
		5912ABAB253CFCD300C8FFF4 /* Assets.xcassets */ = {isa = PBXFileReference; lastKnownFileType = folder.assetcatalog; path = Assets.xcassets; sourceTree = "<group>"; };
		5912ABAE253CFCD300C8FFF4 /* Base */ = {isa = PBXFileReference; lastKnownFileType = file.storyboard; name = Base; path = Base.lproj/LaunchScreen.storyboard; sourceTree = "<group>"; };
		5912ABB0253CFCD300C8FFF4 /* Info.plist */ = {isa = PBXFileReference; lastKnownFileType = text.plist.xml; path = Info.plist; sourceTree = "<group>"; };
/* End PBXFileReference section */

/* Begin PBXFrameworksBuildPhase section */
		5912AB9C253CFCD200C8FFF4 /* Frameworks */ = {
			isa = PBXFrameworksBuildPhase;
			buildActionMask = 2147483647;
			files = (
			);
			runOnlyForDeploymentPostprocessing = 0;
		};
/* End PBXFrameworksBuildPhase section */

/* Begin PBXGroup section */
		5912AB96253CFCD200C8FFF4 = {
			isa = PBXGroup;
			children = (
				5912ABA1253CFCD200C8FFF4 /* Pa5i */,
				5912ABA0253CFCD200C8FFF4 /* Products */,
			);
			sourceTree = "<group>";
		};
		5912ABA0253CFCD200C8FFF4 /* Products */ = {
			isa = PBXGroup;
			children = (
				5912AB9F253CFCD200C8FFF4 /* Pa5i.app */,
			);
			name = Products;
			sourceTree = "<group>";
		};
		5912ABA1253CFCD200C8FFF4 /* Pa5i */ = {
			isa = PBXGroup;
			children = (
				5912ABA2253CFCD200C8FFF4 /* AppDelegate.swift */,
				5912ABA4253CFCD200C8FFF4 /* SceneDelegate.swift */,
				5912ABA6253CFCD200C8FFF4 /* ViewController.swift */,
				5912ABA8253CFCD200C8FFF4 /* Main.storyboard */,
				5912ABAB253CFCD300C8FFF4 /* Assets.xcassets */,
				5912ABAD253CFCD300C8FFF4 /* LaunchScreen.storyboard */,
				5912ABB0253CFCD300C8FFF4 /* Info.plist */,
			);
			path = Pa5i;
			sourceTree = "<group>";
		};
/* End PBXGroup section */

/* Begin PBXNativeTarget section */
		5912AB9E253CFCD200C8FFF4 /* Pa5i */ = {
			isa = PBXNativeTarget;
			buildConfigurationList = 5912ABB3253CFCD300C8FFF4 /* Build configuration list for PBXNativeTarget "Pa5i" */;
			buildPhases = (
				5912AB9B253CFCD200C8FFF4 /* Sources */,
				5912AB9C253CFCD200C8FFF4 /* Frameworks */,
				5912AB9D253CFCD200C8FFF4 /* Resources */,
			);
			buildRules = (
			);
			dependencies = (
			);
			name = Pa5i;
			productName = Pa5i;
			productReference = 5912AB9F253CFCD200C8FFF4 /* Pa5i.app */;
			productType = "com.apple.product-type.application";
		};
/* End PBXNativeTarget section */

/* Begin PBXProject section */
		5912AB97253CFCD200C8FFF4 /* Project object */ = {
			isa = PBXProject;
			attributes = {
				LastSwiftUpdateCheck = 1160;
				LastUpgradeCheck = 1160;
				ORGANIZATIONNAME = "Walker, Charles Milton";
				TargetAttributes = {
					5912AB9E253CFCD200C8FFF4 = {
						CreatedOnToolsVersion = 11.6;
					};
				};
			};
			buildConfigurationList = 5912AB9A253CFCD200C8FFF4 /* Build configuration list for PBXProject "Pa5i" */;
			compatibilityVersion = "Xcode 9.3";
			developmentRegion = en;
			hasScannedForEncodings = 0;
			knownRegions = (
				en,
				Base,
			);
			mainGroup = 5912AB96253CFCD200C8FFF4;
			productRefGroup = 5912ABA0253CFCD200C8FFF4 /* Products */;
			projectDirPath = "";
			projectRoot = "";
			targets = (
				5912AB9E253CFCD200C8FFF4 /* Pa5i */,
			);
		};
/* End PBXProject section */

/* Begin PBXResourcesBuildPhase section */
		5912AB9D253CFCD200C8FFF4 /* Resources */ = {
			isa = PBXResourcesBuildPhase;
			buildActionMask = 2147483647;
			files = (
				5912ABAF253CFCD300C8FFF4 /* LaunchScreen.storyboard in Resources */,
				5912ABAC253CFCD300C8FFF4 /* Assets.xcassets in Resources */,
				5912ABAA253CFCD200C8FFF4 /* Main.storyboard in Resources */,
			);
			runOnlyForDeploymentPostprocessing = 0;
		};
/* End PBXResourcesBuildPhase section */

/* Begin PBXSourcesBuildPhase section */
		5912AB9B253CFCD200C8FFF4 /* Sources */ = {
			isa = PBXSourcesBuildPhase;
			buildActionMask = 2147483647;
			files = (
				5912ABA7253CFCD200C8FFF4 /* ViewController.swift in Sources */,
				5912ABA3253CFCD200C8FFF4 /* AppDelegate.swift in Sources */,
				5912ABA5253CFCD200C8FFF4 /* SceneDelegate.swift in Sources */,
			);
			runOnlyForDeploymentPostprocessing = 0;
		};
/* End PBXSourcesBuildPhase section */

/* Begin PBXVariantGroup section */
		5912ABA8253CFCD200C8FFF4 /* Main.storyboard */ = {
			isa = PBXVariantGroup;
			children = (
				5912ABA9253CFCD200C8FFF4 /* Base */,
			);
			name = Main.storyboard;
			sourceTree = "<group>";
		};
		5912ABAD253CFCD300C8FFF4 /* LaunchScreen.storyboard */ = {
			isa = PBXVariantGroup;
			children = (
				5912ABAE253CFCD300C8FFF4 /* Base */,
			);
			name = LaunchScreen.storyboard;
			sourceTree = "<group>";
		};
/* End PBXVariantGroup section */

/* Begin XCBuildConfiguration section */
		5912ABB1253CFCD300C8FFF4 /* Debug */ = {
			isa = XCBuildConfiguration;
			buildSettings = {
				ALWAYS_SEARCH_USER_PATHS = NO;
				CLANG_ANALYZER_NONNULL = YES;
				CLANG_ANALYZER_NUMBER_OBJECT_CONVERSION = YES_AGGRESSIVE;
				CLANG_CXX_LANGUAGE_STANDARD = "gnu++14";
				CLANG_CXX_LIBRARY = "libc++";
				CLANG_ENABLE_MODULES = YES;
				CLANG_ENABLE_OBJC_ARC = YES;
				CLANG_ENABLE_OBJC_WEAK = YES;
				CLANG_WARN_BLOCK_CAPTURE_AUTORELEASING = YES;
				CLANG_WARN_BOOL_CONVERSION = YES;
				CLANG_WARN_COMMA = YES;
				CLANG_WARN_CONSTANT_CONVERSION = YES;
				CLANG_WARN_DEPRECATED_OBJC_IMPLEMENTATIONS = YES;
				CLANG_WARN_DIRECT_OBJC_ISA_USAGE = YES_ERROR;
				CLANG_WARN_DOCUMENTATION_COMMENTS = YES;
				CLANG_WARN_EMPTY_BODY = YES;
				CLANG_WARN_ENUM_CONVERSION = YES;
				CLANG_WARN_INFINITE_RECURSION = YES;
				CLANG_WARN_INT_CONVERSION = YES;
				CLANG_WARN_NON_LITERAL_NULL_CONVERSION = YES;
				CLANG_WARN_OBJC_IMPLICIT_RETAIN_SELF = YES;
				CLANG_WARN_OBJC_LITERAL_CONVERSION = YES;
				CLANG_WARN_OBJC_ROOT_CLASS = YES_ERROR;
				CLANG_WARN_RANGE_LOOP_ANALYSIS = YES;
				CLANG_WARN_STRICT_PROTOTYPES = YES;
				CLANG_WARN_SUSPICIOUS_MOVE = YES;
				CLANG_WARN_UNGUARDED_AVAILABILITY = YES_AGGRESSIVE;
				CLANG_WARN_UNREACHABLE_CODE = YES;
				CLANG_WARN__DUPLICATE_METHOD_MATCH = YES;
				COPY_PHASE_STRIP = NO;
				DEBUG_INFORMATION_FORMAT = dwarf;
				ENABLE_STRICT_OBJC_MSGSEND = YES;
				ENABLE_TESTABILITY = YES;
				GCC_C_LANGUAGE_STANDARD = gnu11;
				GCC_DYNAMIC_NO_PIC = NO;
				GCC_NO_COMMON_BLOCKS = YES;
				GCC_OPTIMIZATION_LEVEL = 0;
				GCC_PREPROCESSOR_DEFINITIONS = (
					"DEBUG=1",
					"$(inherited)",
				);
				GCC_WARN_64_TO_32_BIT_CONVERSION = YES;
				GCC_WARN_ABOUT_RETURN_TYPE = YES_ERROR;
				GCC_WARN_UNDECLARED_SELECTOR = YES;
				GCC_WARN_UNINITIALIZED_AUTOS = YES_AGGRESSIVE;
				GCC_WARN_UNUSED_FUNCTION = YES;
				GCC_WARN_UNUSED_VARIABLE = YES;
				IPHONEOS_DEPLOYMENT_TARGET = 13.6;
				MTL_ENABLE_DEBUG_INFO = INCLUDE_SOURCE;
				MTL_FAST_MATH = YES;
				ONLY_ACTIVE_ARCH = YES;
				SDKROOT = iphoneos;
				SWIFT_ACTIVE_COMPILATION_CONDITIONS = DEBUG;
				SWIFT_OPTIMIZATION_LEVEL = "-Onone";
			};
			name = Debug;
		};
		5912ABB2253CFCD300C8FFF4 /* Release */ = {
			isa = XCBuildConfiguration;
			buildSettings = {
				ALWAYS_SEARCH_USER_PATHS = NO;
				CLANG_ANALYZER_NONNULL = YES;
				CLANG_ANALYZER_NUMBER_OBJECT_CONVERSION = YES_AGGRESSIVE;
				CLANG_CXX_LANGUAGE_STANDARD = "gnu++14";
				CLANG_CXX_LIBRARY = "libc++";
				CLANG_ENABLE_MODULES = YES;
				CLANG_ENABLE_OBJC_ARC = YES;
				CLANG_ENABLE_OBJC_WEAK = YES;
				CLANG_WARN_BLOCK_CAPTURE_AUTORELEASING = YES;
				CLANG_WARN_BOOL_CONVERSION = YES;
				CLANG_WARN_COMMA = YES;
				CLANG_WARN_CONSTANT_CONVERSION = YES;
				CLANG_WARN_DEPRECATED_OBJC_IMPLEMENTATIONS = YES;
				CLANG_WARN_DIRECT_OBJC_ISA_USAGE = YES_ERROR;
				CLANG_WARN_DOCUMENTATION_COMMENTS = YES;
				CLANG_WARN_EMPTY_BODY = YES;
				CLANG_WARN_ENUM_CONVERSION = YES;
				CLANG_WARN_INFINITE_RECURSION = YES;
				CLANG_WARN_INT_CONVERSION = YES;
				CLANG_WARN_NON_LITERAL_NULL_CONVERSION = YES;
				CLANG_WARN_OBJC_IMPLICIT_RETAIN_SELF = YES;
				CLANG_WARN_OBJC_LITERAL_CONVERSION = YES;
				CLANG_WARN_OBJC_ROOT_CLASS = YES_ERROR;
				CLANG_WARN_RANGE_LOOP_ANALYSIS = YES;
				CLANG_WARN_STRICT_PROTOTYPES = YES;
				CLANG_WARN_SUSPICIOUS_MOVE = YES;
				CLANG_WARN_UNGUARDED_AVAILABILITY = YES_AGGRESSIVE;
				CLANG_WARN_UNREACHABLE_CODE = YES;
				CLANG_WARN__DUPLICATE_METHOD_MATCH = YES;
				COPY_PHASE_STRIP = NO;
				DEBUG_INFORMATION_FORMAT = "dwarf-with-dsym";
				ENABLE_NS_ASSERTIONS = NO;
				ENABLE_STRICT_OBJC_MSGSEND = YES;
				GCC_C_LANGUAGE_STANDARD = gnu11;
				GCC_NO_COMMON_BLOCKS = YES;
				GCC_WARN_64_TO_32_BIT_CONVERSION = YES;
				GCC_WARN_ABOUT_RETURN_TYPE = YES_ERROR;
				GCC_WARN_UNDECLARED_SELECTOR = YES;
				GCC_WARN_UNINITIALIZED_AUTOS = YES_AGGRESSIVE;
				GCC_WARN_UNUSED_FUNCTION = YES;
				GCC_WARN_UNUSED_VARIABLE = YES;
				IPHONEOS_DEPLOYMENT_TARGET = 13.6;
				MTL_ENABLE_DEBUG_INFO = NO;
				MTL_FAST_MATH = YES;
				SDKROOT = iphoneos;
				SWIFT_COMPILATION_MODE = wholemodule;
				SWIFT_OPTIMIZATION_LEVEL = "-O";
				VALIDATE_PRODUCT = YES;
			};
			name = Release;
		};
		5912ABB4253CFCD300C8FFF4 /* Debug */ = {
			isa = XCBuildConfiguration;
			buildSettings = {
				ASSETCATALOG_COMPILER_APPICON_NAME = AppIcon;
				CODE_SIGN_STYLE = Automatic;
				INFOPLIST_FILE = Pa5i/Info.plist;
				LD_RUNPATH_SEARCH_PATHS = (
					"$(inherited)",
					"@executable_path/Frameworks",
				);
				PRODUCT_BUNDLE_IDENTIFIER = com.example.Pa5i;
				PRODUCT_NAME = "$(TARGET_NAME)";
				SWIFT_VERSION = 5.0;
				TARGETED_DEVICE_FAMILY = "1,2";
			};
			name = Debug;
		};
		5912ABB5253CFCD300C8FFF4 /* Release */ = {
			isa = XCBuildConfiguration;
			buildSettings = {
				ASSETCATALOG_COMPILER_APPICON_NAME = AppIcon;
				CODE_SIGN_STYLE = Automatic;
				INFOPLIST_FILE = Pa5i/Info.plist;
				LD_RUNPATH_SEARCH_PATHS = (
					"$(inherited)",
					"@executable_path/Frameworks",
				);
				PRODUCT_BUNDLE_IDENTIFIER = com.example.Pa5i;
				PRODUCT_NAME = "$(TARGET_NAME)";
				SWIFT_VERSION = 5.0;
				TARGETED_DEVICE_FAMILY = "1,2";
			};
			name = Release;
		};
/* End XCBuildConfiguration section */

/* Begin XCConfigurationList section */
		5912AB9A253CFCD200C8FFF4 /* Build configuration list for PBXProject "Pa5i" */ = {
			isa = XCConfigurationList;
			buildConfigurations = (
				5912ABB1253CFCD300C8FFF4 /* Debug */,
				5912ABB2253CFCD300C8FFF4 /* Release */,
			);
			defaultConfigurationIsVisible = 0;
			defaultConfigurationName = Release;
		};
		5912ABB3253CFCD300C8FFF4 /* Build configuration list for PBXNativeTarget "Pa5i" */ = {
			isa = XCConfigurationList;
			buildConfigurations = (
				5912ABB4253CFCD300C8FFF4 /* Debug */,
				5912ABB5253CFCD300C8FFF4 /* Release */,
			);
			defaultConfigurationIsVisible = 0;
			defaultConfigurationName = Release;
		};
/* End XCConfigurationList section */
	};
	rootObject = 5912AB97253CFCD200C8FFF4 /* Project object */;
}
